
Microsoft Visual Studio Solution File, Format Version 12.00
# Visual Studio Version 17
VisualStudioVersion = 17.0.32014.148
MinimumVisualStudioVersion = 10.0.40219.1
Project("{FAE04EC0-301F-11D3-BF4B-00C04F79EFBC}") = "Guessing_Game", "Guessing_Game\Guessing_Game.csproj", "{FA89AC71-7E74-4A87-AEC5-B56381CC9FEF}"
EndProject
Global
	GlobalSection(SolutionConfigurationPlatforms) = preSolution
		Debug|Any CPU = Debug|Any CPU
		Release|Any CPU = Release|Any CPU
	EndGlobalSection
	GlobalSection(ProjectConfigurationPlatforms) = postSolution
		{FA89AC71-7E74-4A87-AEC5-B56381CC9FEF}.Debug|Any CPU.ActiveCfg = Debug|Any CPU
		{FA89AC71-7E74-4A87-AEC5-B56381CC9FEF}.Debug|Any CPU.Build.0 = Debug|Any CPU
		{FA89AC71-7E74-4A87-AEC5-B56381CC9FEF}.Release|Any CPU.ActiveCfg = Release|Any CPU
		{FA89AC71-7E74-4A87-AEC5-B56381CC9FEF}.Release|Any CPU.Build.0 = Release|Any CPU
	EndGlobalSection
	GlobalSection(SolutionProperties) = preSolution
		HideSolutionNode = FALSE
	EndGlobalSection
	GlobalSection(ExtensibilityGlobals) = postSolution
		SolutionGuid = {348231C8-2237-40BD-8034-959FE137984B}
	EndGlobalSection
EndGlobal
